
Microsoft Visual Studio Solution File, Format Version 12.00
# Visual Studio 15
VisualStudioVersion = 15.0.28307.645
MinimumVisualStudioVersion = 10.0.40219.1
Project("{FAE04EC0-301F-11D3-BF4B-00C04F79EFBC}") = "ServerCTech", "ServerCTech\ServerCTech.csproj", "{330BF904-FB2C-4D6E-84A2-2A095B87EAF8}"
EndProject
Global
	GlobalSection(SolutionConfigurationPlatforms) = preSolution
		Debug|Any CPU = Debug|Any CPU
		Release|Any CPU = Release|Any CPU
	EndGlobalSection
	GlobalSection(ProjectConfigurationPlatforms) = postSolution
		{330BF904-FB2C-4D6E-84A2-2A095B87EAF8}.Debug|Any CPU.ActiveCfg = Debug|Any CPU
		{330BF904-FB2C-4D6E-84A2-2A095B87EAF8}.Debug|Any CPU.Build.0 = Debug|Any CPU
		{330BF904-FB2C-4D6E-84A2-2A095B87EAF8}.Release|Any CPU.ActiveCfg = Release|Any CPU
		{330BF904-FB2C-4D6E-84A2-2A095B87EAF8}.Release|Any CPU.Build.0 = Release|Any CPU
	EndGlobalSection
	GlobalSection(SolutionProperties) = preSolution
		HideSolutionNode = FALSE
	EndGlobalSection
	GlobalSection(ExtensibilityGlobals) = postSolution
		SolutionGuid = {C563D304-88EE-4A2C-A337-7CFA38A1D390}
	EndGlobalSection
EndGlobal
